
Microsoft Visual Studio Solution File, Format Version 12.00
# Visual Studio Express 2012 for Web
Project("{F2A71F9B-5D33-465A-A702-920D77279786}") = "EnvironmentVariableChanger", "EnvironmentVariableChanger\EnvironmentVariableChanger.fsproj", "{5CD8C08D-D067-42D0-AB5A-A683F91EBE38}"
EndProject
Global
	GlobalSection(SolutionConfigurationPlatforms) = preSolution
		Debug|Any CPU = Debug|Any CPU
		Release|Any CPU = Release|Any CPU
	EndGlobalSection
	GlobalSection(ProjectConfigurationPlatforms) = postSolution
		{5CD8C08D-D067-42D0-AB5A-A683F91EBE38}.Debug|Any CPU.ActiveCfg = Debug|Any CPU
		{5CD8C08D-D067-42D0-AB5A-A683F91EBE38}.Debug|Any CPU.Build.0 = Debug|Any CPU
		{5CD8C08D-D067-42D0-AB5A-A683F91EBE38}.Release|Any CPU.ActiveCfg = Release|Any CPU
		{5CD8C08D-D067-42D0-AB5A-A683F91EBE38}.Release|Any CPU.Build.0 = Release|Any CPU
	EndGlobalSection
	GlobalSection(SolutionProperties) = preSolution
		HideSolutionNode = FALSE
	EndGlobalSection
EndGlobal
